// !$*UTF8*$!
{
	archiveVersion = 1;
	classes = {
	};
	objectVersion = 46;
	objects = {

/* Begin PBXBuildFile section */
		E177917F1C3D4DA70080EB60 /* main.m in Sources */ = {isa = PBXBuildFile; fileRef = E177917E1C3D4DA70080EB60 /* main.m */; };
		E17791821C3D4DA70080EB60 /* AppDelegate.m in Sources */ = {isa = PBXBuildFile; fileRef = E17791811C3D4DA70080EB60 /* AppDelegate.m */; };
		E17791851C3D4DA70080EB60 /* ViewController.m in Sources */ = {isa = PBXBuildFile; fileRef = E17791841C3D4DA70080EB60 /* ViewController.m */; };
		E17791881C3D4DA70080EB60 /* Main.storyboard in Resources */ = {isa = PBXBuildFile; fileRef = E17791861C3D4DA70080EB60 /* Main.storyboard */; };
		E177918A1C3D4DA70080EB60 /* Assets.xcassets in Resources */ = {isa = PBXBuildFile; fileRef = E17791891C3D4DA70080EB60 /* Assets.xcassets */; };
		E177918D1C3D4DA70080EB60 /* LaunchScreen.storyboard in Resources */ = {isa = PBXBuildFile; fileRef = E177918B1C3D4DA70080EB60 /* LaunchScreen.storyboard */; };
/* End PBXBuildFile section */

/* Begin PBXFileReference section */
		E177917A1C3D4DA70080EB60 /* ScanBarcodeTest.app */ = {isa = PBXFileReference; explicitFileType = wrapper.application; includeInIndex = 0; path = ScanBarcodeTest.app; sourceTree = BUILT_PRODUCTS_DIR; };
		E177917E1C3D4DA70080EB60 /* main.m */ = {isa = PBXFileReference; lastKnownFileType = sourcecode.c.objc; path = main.m; sourceTree = "<group>"; };
		E17791801C3D4DA70080EB60 /* AppDelegate.h */ = {isa = PBXFileReference; lastKnownFileType = sourcecode.c.h; path = AppDelegate.h; sourceTree = "<group>"; };
		E17791811C3D4DA70080EB60 /* AppDelegate.m */ = {isa = PBXFileReference; lastKnownFileType = sourcecode.c.objc; path = AppDelegate.m; sourceTree = "<group>"; };
		E17791831C3D4DA70080EB60 /* ViewController.h */ = {isa = PBXFileReference; lastKnownFileType = sourcecode.c.h; path = ViewController.h; sourceTree = "<group>"; };
		E17791841C3D4DA70080EB60 /* ViewController.m */ = {isa = PBXFileReference; lastKnownFileType = sourcecode.c.objc; path = ViewController.m; sourceTree = "<group>"; };
		E17791871C3D4DA70080EB60 /* Base */ = {isa = PBXFileReference; lastKnownFileType = file.storyboard; name = Base; path = Base.lproj/Main.storyboard; sourceTree = "<group>"; };
		E17791891C3D4DA70080EB60 /* Assets.xcassets */ = {isa = PBXFileReference; lastKnownFileType = folder.assetcatalog; path = Assets.xcassets; sourceTree = "<group>"; };
		E177918C1C3D4DA70080EB60 /* Base */ = {isa = PBXFileReference; lastKnownFileType = file.storyboard; name = Base; path = Base.lproj/LaunchScreen.storyboard; sourceTree = "<group>"; };
		E177918E1C3D4DA70080EB60 /* Info.plist */ = {isa = PBXFileReference; lastKnownFileType = text.plist.xml; path = Info.plist; sourceTree = "<group>"; };
/* End PBXFileReference section */

/* Begin PBXFrameworksBuildPhase section */
		E17791771C3D4DA70080EB60 /* Frameworks */ = {
			isa = PBXFrameworksBuildPhase;
			buildActionMask = 2147483647;
			files = (
			);
			runOnlyForDeploymentPostprocessing = 0;
		};
/* End PBXFrameworksBuildPhase section */

/* Begin PBXGroup section */
		E17791711C3D4DA70080EB60 = {
			isa = PBXGroup;
			children = (
				E177917C1C3D4DA70080EB60 /* ScanBarcodeTest */,
				E177917B1C3D4DA70080EB60 /* Products */,
			);
			sourceTree = "<group>";
		};
		E177917B1C3D4DA70080EB60 /* Products */ = {
			isa = PBXGroup;
			children = (
				E177917A1C3D4DA70080EB60 /* ScanBarcodeTest.app */,
			);
			name = Products;
			sourceTree = "<group>";
		};
		E177917C1C3D4DA70080EB60 /* ScanBarcodeTest */ = {
			isa = PBXGroup;
			children = (
				E17791801C3D4DA70080EB60 /* AppDelegate.h */,
				E17791811C3D4DA70080EB60 /* AppDelegate.m */,
				E17791831C3D4DA70080EB60 /* ViewController.h */,
				E17791841C3D4DA70080EB60 /* ViewController.m */,
				E17791861C3D4DA70080EB60 /* Main.storyboard */,
				E17791891C3D4DA70080EB60 /* Assets.xcassets */,
				E177918B1C3D4DA70080EB60 /* LaunchScreen.storyboard */,
				E177918E1C3D4DA70080EB60 /* Info.plist */,
				E177917D1C3D4DA70080EB60 /* Supporting Files */,
			);
			path = ScanBarcodeTest;
			sourceTree = "<group>";
		};
		E177917D1C3D4DA70080EB60 /* Supporting Files */ = {
			isa = PBXGroup;
			children = (
				E177917E1C3D4DA70080EB60 /* main.m */,
			);
			name = "Supporting Files";
			sourceTree = "<group>";
		};
/* End PBXGroup section */

/* Begin PBXNativeTarget section */
		E17791791C3D4DA70080EB60 /* ScanBarcodeTest */ = {
			isa = PBXNativeTarget;
			buildConfigurationList = E17791911C3D4DA70080EB60 /* Build configuration list for PBXNativeTarget "ScanBarcodeTest" */;
			buildPhases = (
				E17791761C3D4DA70080EB60 /* Sources */,
				E17791771C3D4DA70080EB60 /* Frameworks */,
				E17791781C3D4DA70080EB60 /* Resources */,
			);
			buildRules = (
			);
			dependencies = (
			);
			name = ScanBarcodeTest;
			productName = ScanBarcodeTest;
			productReference = E177917A1C3D4DA70080EB60 /* ScanBarcodeTest.app */;
			productType = "com.apple.product-type.application";
		};
/* End PBXNativeTarget section */

/* Begin PBXProject section */
		E17791721C3D4DA70080EB60 /* Project object */ = {
			isa = PBXProject;
			attributes = {
				LastUpgradeCheck = 0720;
				ORGANIZATIONNAME = baidu;
				TargetAttributes = {
					E17791791C3D4DA70080EB60 = {
						CreatedOnToolsVersion = 7.2;
						DevelopmentTeam = 473DWTD9JD;
					};
				};
			};
			buildConfigurationList = E17791751C3D4DA70080EB60 /* Build configuration list for PBXProject "ScanBarcodeTest" */;
			compatibilityVersion = "Xcode 3.2";
			developmentRegion = English;
			hasScannedForEncodings = 0;
			knownRegions = (
				en,
				Base,
			);
			mainGroup = E17791711C3D4DA70080EB60;
			productRefGroup = E177917B1C3D4DA70080EB60 /* Products */;
			projectDirPath = "";
			projectRoot = "";
			targets = (
				E17791791C3D4DA70080EB60 /* ScanBarcodeTest */,
			);
		};
/* End PBXProject section */

/* Begin PBXResourcesBuildPhase section */
		E17791781C3D4DA70080EB60 /* Resources */ = {
			isa = PBXResourcesBuildPhase;
			buildActionMask = 2147483647;
			files = (
				E177918D1C3D4DA70080EB60 /* LaunchScreen.storyboard in Resources */,
				E177918A1C3D4DA70080EB60 /* Assets.xcassets in Resources */,
				E17791881C3D4DA70080EB60 /* Main.storyboard in Resources */,
			);
			runOnlyForDeploymentPostprocessing = 0;
		};
/* End PBXResourcesBuildPhase section */

/* Begin PBXSourcesBuildPhase section */
		E17791761C3D4DA70080EB60 /* Sources */ = {
			isa = PBXSourcesBuildPhase;
			buildActionMask = 2147483647;
			files = (
				E17791851C3D4DA70080EB60 /* ViewController.m in Sources */,
				E17791821C3D4DA70080EB60 /* AppDelegate.m in Sources */,
				E177917F1C3D4DA70080EB60 /* main.m in Sources */,
			);
			runOnlyForDeploymentPostprocessing = 0;
		};
/* End PBXSourcesBuildPhase section */

/* Begin PBXVariantGroup section */
		E17791861C3D4DA70080EB60 /* Main.storyboard */ = {
			isa = PBXVariantGroup;
			children = (
				E17791871C3D4DA70080EB60 /* Base */,
			);
			name = Main.storyboard;
			sourceTree = "<group>";
		};
		E177918B1C3D4DA70080EB60 /* LaunchScreen.storyboard */ = {
			isa = PBXVariantGroup;
			children = (
				E177918C1C3D4DA70080EB60 /* Base */,
			);
			name = LaunchScreen.storyboard;
			sourceTree = "<group>";
		};
/* End PBXVariantGroup section */

/* Begin XCBuildConfiguration section */
		E177918F1C3D4DA70080EB60 /* Debug */ = {
			isa = XCBuildConfiguration;
			buildSettings = {
				ALWAYS_SEARCH_USER_PATHS = NO;
				CLANG_CXX_LANGUAGE_STANDARD = "gnu++0x";
				CLANG_CXX_LIBRARY = "libc++";
				CLANG_ENABLE_MODULES = YES;
				CLANG_ENABLE_OBJC_ARC = YES;
				CLANG_WARN_BOOL_CONVERSION = YES;
				CLANG_WARN_CONSTANT_CONVERSION = YES;
				CLANG_WARN_DIRECT_OBJC_ISA_USAGE = YES_ERROR;
				CLANG_WARN_EMPTY_BODY = YES;
				CLANG_WARN_ENUM_CONVERSION = YES;
				CLANG_WARN_INT_CONVERSION = YES;
				CLANG_WARN_OBJC_ROOT_CLASS = YES_ERROR;
				CLANG_WARN_UNREACHABLE_CODE = YES;
				CLANG_WARN__DUPLICATE_METHOD_MATCH = YES;
				"CODE_SIGN_IDENTITY[sdk=iphoneos*]" = "iPhone Developer";
				COPY_PHASE_STRIP = NO;
				DEBUG_INFORMATION_FORMAT = dwarf;
				ENABLE_STRICT_OBJC_MSGSEND = YES;
				ENABLE_TESTABILITY = YES;
				GCC_C_LANGUAGE_STANDARD = gnu99;
				GCC_DYNAMIC_NO_PIC = NO;
				GCC_NO_COMMON_BLOCKS = YES;
				GCC_OPTIMIZATION_LEVEL = 0;
				GCC_PREPROCESSOR_DEFINITIONS = (
					"DEBUG=1",
					"$(inherited)",
				);
				GCC_WARN_64_TO_32_BIT_CONVERSION = YES;
				GCC_WARN_ABOUT_RETURN_TYPE = YES_ERROR;
				GCC_WARN_UNDECLARED_SELECTOR = YES;
				GCC_WARN_UNINITIALIZED_AUTOS = YES_AGGRESSIVE;
				GCC_WARN_UNUSED_FUNCTION = YES;
				GCC_WARN_UNUSED_VARIABLE = YES;
				IPHONEOS_DEPLOYMENT_TARGET = 9.2;
				MTL_ENABLE_DEBUG_INFO = YES;
				ONLY_ACTIVE_ARCH = YES;
				SDKROOT = iphoneos;
			};
			name = Debug;
		};
		E17791901C3D4DA70080EB60 /* Release */ = {
			isa = XCBuildConfiguration;
			buildSettings = {
				ALWAYS_SEARCH_USER_PATHS = NO;
				CLANG_CXX_LANGUAGE_STANDARD = "gnu++0x";
				CLANG_CXX_LIBRARY = "libc++";
				CLANG_ENABLE_MODULES = YES;
				CLANG_ENABLE_OBJC_ARC = YES;
				CLANG_WARN_BOOL_CONVERSION = YES;
				CLANG_WARN_CONSTANT_CONVERSION = YES;
				CLANG_WARN_DIRECT_OBJC_ISA_USAGE = YES_ERROR;
				CLANG_WARN_EMPTY_BODY = YES;
				CLANG_WARN_ENUM_CONVERSION = YES;
				CLANG_WARN_INT_CONVERSION = YES;
				CLANG_WARN_OBJC_ROOT_CLASS = YES_ERROR;
				CLANG_WARN_UNREACHABLE_CODE = YES;
				CLANG_WARN__DUPLICATE_METHOD_MATCH = YES;
				"CODE_SIGN_IDENTITY[sdk=iphoneos*]" = "iPhone Developer";
				COPY_PHASE_STRIP = NO;
				DEBUG_INFORMATION_FORMAT = "dwarf-with-dsym";
				ENABLE_NS_ASSERTIONS = NO;
				ENABLE_STRICT_OBJC_MSGSEND = YES;
				GCC_C_LANGUAGE_STANDARD = gnu99;
				GCC_NO_COMMON_BLOCKS = YES;
				GCC_WARN_64_TO_32_BIT_CONVERSION = YES;
				GCC_WARN_ABOUT_RETURN_TYPE = YES_ERROR;
				GCC_WARN_UNDECLARED_SELECTOR = YES;
				GCC_WARN_UNINITIALIZED_AUTOS = YES_AGGRESSIVE;
				GCC_WARN_UNUSED_FUNCTION = YES;
				GCC_WARN_UNUSED_VARIABLE = YES;
				IPHONEOS_DEPLOYMENT_TARGET = 9.2;
				MTL_ENABLE_DEBUG_INFO = NO;
				SDKROOT = iphoneos;
				VALIDATE_PRODUCT = YES;
			};
			name = Release;
		};
		E17791921C3D4DA70080EB60 /* Debug */ = {
			isa = XCBuildConfiguration;
			buildSettings = {
				ASSETCATALOG_COMPILER_APPICON_NAME = AppIcon;
				INFOPLIST_FILE = ScanBarcodeTest/Info.plist;
				LD_RUNPATH_SEARCH_PATHS = "$(inherited) @executable_path/Frameworks";
				PRODUCT_BUNDLE_IDENTIFIER = baidu.ScanBarcodeTest;
				PRODUCT_NAME = "$(TARGET_NAME)";
			};
			name = Debug;
		};
		E17791931C3D4DA70080EB60 /* Release */ = {
			isa = XCBuildConfiguration;
			buildSettings = {
				ASSETCATALOG_COMPILER_APPICON_NAME = AppIcon;
				INFOPLIST_FILE = ScanBarcodeTest/Info.plist;
				LD_RUNPATH_SEARCH_PATHS = "$(inherited) @executable_path/Frameworks";
				PRODUCT_BUNDLE_IDENTIFIER = baidu.ScanBarcodeTest;
				PRODUCT_NAME = "$(TARGET_NAME)";
			};
			name = Release;
		};
/* End XCBuildConfiguration section */

/* Begin XCConfigurationList section */
		E17791751C3D4DA70080EB60 /* Build configuration list for PBXProject "ScanBarcodeTest" */ = {
			isa = XCConfigurationList;
			buildConfigurations = (
				E177918F1C3D4DA70080EB60 /* Debug */,
				E17791901C3D4DA70080EB60 /* Release */,
			);
			defaultConfigurationIsVisible = 0;
			defaultConfigurationName = Release;
		};
		E17791911C3D4DA70080EB60 /* Build configuration list for PBXNativeTarget "ScanBarcodeTest" */ = {
			isa = XCConfigurationList;
			buildConfigurations = (
				E17791921C3D4DA70080EB60 /* Debug */,
				E17791931C3D4DA70080EB60 /* Release */,
			);
			defaultConfigurationIsVisible = 0;
		};
/* End XCConfigurationList section */
	};
	rootObject = E17791721C3D4DA70080EB60 /* Project object */;
}
